
Microsoft Visual Studio Solution File, Format Version 12.00
# Visual Studio Version 16
VisualStudioVersion = 16.0.30413.136
MinimumVisualStudioVersion = 10.0.40219.1
Project("{9A19103F-16F7-4668-BE54-9A1E7A4F7556}") = "FindIt.API", "FindIt.API.csproj", "{CEC14143-6C37-420D-8CC9-F047C256ADBB}"
EndProject
Global
	GlobalSection(SolutionConfigurationPlatforms) = preSolution
		Debug|Any CPU = Debug|Any CPU
		Release|Any CPU = Release|Any CPU
	EndGlobalSection
	GlobalSection(ProjectConfigurationPlatforms) = postSolution
		{CEC14143-6C37-420D-8CC9-F047C256ADBB}.Debug|Any CPU.ActiveCfg = Debug|Any CPU
		{CEC14143-6C37-420D-8CC9-F047C256ADBB}.Debug|Any CPU.Build.0 = Debug|Any CPU
		{CEC14143-6C37-420D-8CC9-F047C256ADBB}.Release|Any CPU.ActiveCfg = Release|Any CPU
		{CEC14143-6C37-420D-8CC9-F047C256ADBB}.Release|Any CPU.Build.0 = Release|Any CPU
	EndGlobalSection
	GlobalSection(SolutionProperties) = preSolution
		HideSolutionNode = FALSE
	EndGlobalSection
	GlobalSection(ExtensibilityGlobals) = postSolution
		SolutionGuid = {80D404E4-3183-4A1D-AD38-AB7BBAAE6327}
	EndGlobalSection
EndGlobal
